
Microsoft Visual Studio Solution File, Format Version 12.00
Project("{FAE04EC0-301F-11D3-BF4B-00C04F79EFBC}") = "DotNetCoreRazorReact", "DotNetCoreRazorReact\DotNetCoreRazorReact.csproj", "{ABA200C7-87D0-427D-9558-7553E02F705D}"
EndProject
Global
	GlobalSection(SolutionConfigurationPlatforms) = preSolution
		Debug|Any CPU = Debug|Any CPU
		Release|Any CPU = Release|Any CPU
	EndGlobalSection
	GlobalSection(ProjectConfigurationPlatforms) = postSolution
		{ABA200C7-87D0-427D-9558-7553E02F705D}.Debug|Any CPU.ActiveCfg = Debug|Any CPU
		{ABA200C7-87D0-427D-9558-7553E02F705D}.Debug|Any CPU.Build.0 = Debug|Any CPU
		{ABA200C7-87D0-427D-9558-7553E02F705D}.Release|Any CPU.ActiveCfg = Release|Any CPU
		{ABA200C7-87D0-427D-9558-7553E02F705D}.Release|Any CPU.Build.0 = Release|Any CPU
	EndGlobalSection
EndGlobal
